
Microsoft Visual Studio Solution File, Format Version 12.00
# Visual Studio Version 17
VisualStudioVersion = 17.1.32228.430
MinimumVisualStudioVersion = 10.0.40219.1
Project("{9A19103F-16F7-4668-BE54-9A1E7A4F7556}") = "HackerRank", "HackerRank.csproj", "{3F392858-7BCE-46F9-BD83-DE61535B0277}"
EndProject
Project("{9A19103F-16F7-4668-BE54-9A1E7A4F7556}") = "Balanced System Files Partition", "..\Balanced System Files Partition\Balanced System Files Partition.csproj", "{84A3B561-A3A1-44AC-A556-835CF21CAA5B}"
EndProject
Project("{9A19103F-16F7-4668-BE54-9A1E7A4F7556}") = "RoadRepair", "..\RoadRepair\RoadRepair.csproj", "{C976A837-C87B-4C2E-A8EA-7844178F417C}"
EndProject
Project("{9A19103F-16F7-4668-BE54-9A1E7A4F7556}") = "DailyTasks", "..\DailyTasks\DailyTasks.csproj", "{87213DEC-7C59-49B8-9000-7C0868CD99E9}"
EndProject
Project("{9A19103F-16F7-4668-BE54-9A1E7A4F7556}") = "Day 8 Dictionaries and Maps", "..\Day 8 Dictionaries and Maps\Day 8 Dictionaries and Maps.csproj", "{A980F632-1C22-47FF-BF06-1BD945FDE5B5}"
EndProject
Project("{9A19103F-16F7-4668-BE54-9A1E7A4F7556}") = "Day 9 Recursion 3", "..\Day 9 Recursion 3\Day 9 Recursion 3.csproj", "{EC43521C-9DD8-4A78-83C3-F0ABC15850B4}"
EndProject
Project("{9A19103F-16F7-4668-BE54-9A1E7A4F7556}") = "Day 10 Binary Numbers", "..\Day 10 Binary Numbers\Day 10 Binary Numbers.csproj", "{7620CA0D-8325-4010-931C-432DA13F784A}"
EndProject
Project("{9A19103F-16F7-4668-BE54-9A1E7A4F7556}") = "Day 11 2D Arrays", "..\Day 11 2D Arrays\Day 11 2D Arrays.csproj", "{652CD87D-1860-495F-AD7C-B17B2387ED08}"
EndProject
Project("{9A19103F-16F7-4668-BE54-9A1E7A4F7556}") = "Day 12 Inheritance", "..\Day 12 Inheritance\Day 12 Inheritance.csproj", "{952F9A38-F039-4B18-9FC4-01D8C2B02354}"
EndProject
Project("{9A19103F-16F7-4668-BE54-9A1E7A4F7556}") = "Day 13 Abstract Classes", "..\Day 13 Abstract Classes\Day 13 Abstract Classes.csproj", "{8019C55F-4934-472A-95B4-54AE9050E582}"
EndProject
Project("{9A19103F-16F7-4668-BE54-9A1E7A4F7556}") = "Day 14 Scopes", "..\Day 14 Scopes\Day 14 Scopes.csproj", "{A96EE282-E8DC-4689-B30C-858BDBB69718}"
EndProject
Project("{9A19103F-16F7-4668-BE54-9A1E7A4F7556}") = "Day 15 Linked List", "..\Day 15 Linked List\Day 15 Linked List.csproj", "{0A10C9AE-6DF0-49BB-80AB-B3F582A60CA1}"
EndProject
Project("{9A19103F-16F7-4668-BE54-9A1E7A4F7556}") = "Day 16 Exceptions string to int", "..\Day 16 Exceptions string to int\Day 16 Exceptions string to int.csproj", "{4927D788-828B-4EDF-AFFF-F39C86A8B6B5}"
EndProject
Project("{9A19103F-16F7-4668-BE54-9A1E7A4F7556}") = "Day 17 More Exceptions", "..\Day 17 More Exceptions\Day 17 More Exceptions.csproj", "{4AEE1623-B238-43C4-8C5E-56FCEFB3721F}"
EndProject
Project("{9A19103F-16F7-4668-BE54-9A1E7A4F7556}") = "Day 18 Queue and Stacks", "..\Day 18 Queue and Stacks\Day 18 Queue and Stacks.csproj", "{1E1E5D75-ED14-4937-94A8-8C5518626570}"
EndProject
Project("{9A19103F-16F7-4668-BE54-9A1E7A4F7556}") = "Day 19 Interfaces", "..\Day 19 Interfaces\Day 19 Interfaces.csproj", "{89D09780-E75B-49FE-9BCA-00AA1FBE5038}"
EndProject
Project("{9A19103F-16F7-4668-BE54-9A1E7A4F7556}") = "Day 20 Sorting", "..\Day 20 Sorting\Day 20 Sorting.csproj", "{1D1BBCE2-C382-408E-8BE9-6E5EDB92CC56}"
EndProject
Project("{9A19103F-16F7-4668-BE54-9A1E7A4F7556}") = "Day 21 Generics", "..\Day 21 Generics\Day 21 Generics.csproj", "{660C7956-41F3-4840-8946-B9B8F0D7D78F}"
EndProject
Project("{9A19103F-16F7-4668-BE54-9A1E7A4F7556}") = "Day 22 Binary Search Trees", "..\Day 22 Binary Search Trees\Day 22 Binary Search Trees.csproj", "{4796C992-BF6D-4732-B80F-39F8FCBA2A85}"
EndProject
Project("{9A19103F-16F7-4668-BE54-9A1E7A4F7556}") = "Day 23 BST Level-Order Traversal", "..\Day 23 BST Level-Order Traversal\Day 23 BST Level-Order Traversal.csproj", "{3808897B-028E-4A48-966B-A8FB9196FB74}"
EndProject
Project("{9A19103F-16F7-4668-BE54-9A1E7A4F7556}") = "Day 24 More Linked List", "..\Day 24 More Linked List\Day 24 More Linked List.csproj", "{CD848A12-6E55-4302-AF2C-EC0D95645791}"
EndProject
Project("{9A19103F-16F7-4668-BE54-9A1E7A4F7556}") = "Day 25 Running Time and Complexity", "..\Day 25 Running Time and Complexity\Day 25 Running Time and Complexity.csproj", "{B8EF8136-C183-43F3-92B2-96A3D446C327}"
EndProject
Project("{9A19103F-16F7-4668-BE54-9A1E7A4F7556}") = "Day 26 Nested Logic", "..\Day 26 Nested Logic\Day 26 Nested Logic.csproj", "{8ACF6CAB-E72E-47CD-9774-7F63228F9C4F}"
EndProject
Project("{8BC9CEB8-8B4A-11D0-8D11-00A0C91BC942}") = "Day 27 Testing", "..\Day 27 Testing\Day 27 Testing.vcxproj", "{20D930B5-E674-4758-BEA2-26A3EA91F9B0}"
EndProject
Project("{888888A0-9F3D-457C-B088-3A5042F75D52}") = "Day 27 Testing - Python", "..\Day 27 Testing - Python\Day 27 Testing - Python.pyproj", "{EA15ADDD-B536-4745-A057-2E161FC26B2B}"
EndProject
Global
	GlobalSection(SolutionConfigurationPlatforms) = preSolution
		Debug|Any CPU = Debug|Any CPU
		Debug|x64 = Debug|x64
		Debug|x86 = Debug|x86
		Release|Any CPU = Release|Any CPU
		Release|x64 = Release|x64
		Release|x86 = Release|x86
	EndGlobalSection
	GlobalSection(ProjectConfigurationPlatforms) = postSolution
		{3F392858-7BCE-46F9-BD83-DE61535B0277}.Debug|Any CPU.ActiveCfg = Debug|Any CPU
		{3F392858-7BCE-46F9-BD83-DE61535B0277}.Debug|Any CPU.Build.0 = Debug|Any CPU
		{3F392858-7BCE-46F9-BD83-DE61535B0277}.Debug|x64.ActiveCfg = Debug|Any CPU
		{3F392858-7BCE-46F9-BD83-DE61535B0277}.Debug|x64.Build.0 = Debug|Any CPU
		{3F392858-7BCE-46F9-BD83-DE61535B0277}.Debug|x86.ActiveCfg = Debug|Any CPU
		{3F392858-7BCE-46F9-BD83-DE61535B0277}.Debug|x86.Build.0 = Debug|Any CPU
		{3F392858-7BCE-46F9-BD83-DE61535B0277}.Release|Any CPU.ActiveCfg = Release|Any CPU
		{3F392858-7BCE-46F9-BD83-DE61535B0277}.Release|Any CPU.Build.0 = Release|Any CPU
		{3F392858-7BCE-46F9-BD83-DE61535B0277}.Release|x64.ActiveCfg = Release|Any CPU
		{3F392858-7BCE-46F9-BD83-DE61535B0277}.Release|x64.Build.0 = Release|Any CPU
		{3F392858-7BCE-46F9-BD83-DE61535B0277}.Release|x86.ActiveCfg = Release|Any CPU
		{3F392858-7BCE-46F9-BD83-DE61535B0277}.Release|x86.Build.0 = Release|Any CPU
		{84A3B561-A3A1-44AC-A556-835CF21CAA5B}.Debug|Any CPU.ActiveCfg = Debug|Any CPU
		{84A3B561-A3A1-44AC-A556-835CF21CAA5B}.Debug|Any CPU.Build.0 = Debug|Any CPU
		{84A3B561-A3A1-44AC-A556-835CF21CAA5B}.Debug|x64.ActiveCfg = Debug|Any CPU
		{84A3B561-A3A1-44AC-A556-835CF21CAA5B}.Debug|x64.Build.0 = Debug|Any CPU
		{84A3B561-A3A1-44AC-A556-835CF21CAA5B}.Debug|x86.ActiveCfg = Debug|Any CPU
		{84A3B561-A3A1-44AC-A556-835CF21CAA5B}.Debug|x86.Build.0 = Debug|Any CPU
		{84A3B561-A3A1-44AC-A556-835CF21CAA5B}.Release|Any CPU.ActiveCfg = Release|Any CPU
		{84A3B561-A3A1-44AC-A556-835CF21CAA5B}.Release|Any CPU.Build.0 = Release|Any CPU
		{84A3B561-A3A1-44AC-A556-835CF21CAA5B}.Release|x64.ActiveCfg = Release|Any CPU
		{84A3B561-A3A1-44AC-A556-835CF21CAA5B}.Release|x64.Build.0 = Release|Any CPU
		{84A3B561-A3A1-44AC-A556-835CF21CAA5B}.Release|x86.ActiveCfg = Release|Any CPU
		{84A3B561-A3A1-44AC-A556-835CF21CAA5B}.Release|x86.Build.0 = Release|Any CPU
		{C976A837-C87B-4C2E-A8EA-7844178F417C}.Debug|Any CPU.ActiveCfg = Debug|Any CPU
		{C976A837-C87B-4C2E-A8EA-7844178F417C}.Debug|Any CPU.Build.0 = Debug|Any CPU
		{C976A837-C87B-4C2E-A8EA-7844178F417C}.Debug|x64.ActiveCfg = Debug|Any CPU
		{C976A837-C87B-4C2E-A8EA-7844178F417C}.Debug|x64.Build.0 = Debug|Any CPU
		{C976A837-C87B-4C2E-A8EA-7844178F417C}.Debug|x86.ActiveCfg = Debug|Any CPU
		{C976A837-C87B-4C2E-A8EA-7844178F417C}.Debug|x86.Build.0 = Debug|Any CPU
		{C976A837-C87B-4C2E-A8EA-7844178F417C}.Release|Any CPU.ActiveCfg = Release|Any CPU
		{C976A837-C87B-4C2E-A8EA-7844178F417C}.Release|Any CPU.Build.0 = Release|Any CPU
		{C976A837-C87B-4C2E-A8EA-7844178F417C}.Release|x64.ActiveCfg = Release|Any CPU
		{C976A837-C87B-4C2E-A8EA-7844178F417C}.Release|x64.Build.0 = Release|Any CPU
		{C976A837-C87B-4C2E-A8EA-7844178F417C}.Release|x86.ActiveCfg = Release|Any CPU
		{C976A837-C87B-4C2E-A8EA-7844178F417C}.Release|x86.Build.0 = Release|Any CPU
		{87213DEC-7C59-49B8-9000-7C0868CD99E9}.Debug|Any CPU.ActiveCfg = Debug|Any CPU
		{87213DEC-7C59-49B8-9000-7C0868CD99E9}.Debug|Any CPU.Build.0 = Debug|Any CPU
		{87213DEC-7C59-49B8-9000-7C0868CD99E9}.Debug|x64.ActiveCfg = Debug|Any CPU
		{87213DEC-7C59-49B8-9000-7C0868CD99E9}.Debug|x64.Build.0 = Debug|Any CPU
		{87213DEC-7C59-49B8-9000-7C0868CD99E9}.Debug|x86.ActiveCfg = Debug|Any CPU
		{87213DEC-7C59-49B8-9000-7C0868CD99E9}.Debug|x86.Build.0 = Debug|Any CPU
		{87213DEC-7C59-49B8-9000-7C0868CD99E9}.Release|Any CPU.ActiveCfg = Release|Any CPU
		{87213DEC-7C59-49B8-9000-7C0868CD99E9}.Release|Any CPU.Build.0 = Release|Any CPU
		{87213DEC-7C59-49B8-9000-7C0868CD99E9}.Release|x64.ActiveCfg = Release|Any CPU
		{87213DEC-7C59-49B8-9000-7C0868CD99E9}.Release|x64.Build.0 = Release|Any CPU
		{87213DEC-7C59-49B8-9000-7C0868CD99E9}.Release|x86.ActiveCfg = Release|Any CPU
		{87213DEC-7C59-49B8-9000-7C0868CD99E9}.Release|x86.Build.0 = Release|Any CPU
		{A980F632-1C22-47FF-BF06-1BD945FDE5B5}.Debug|Any CPU.ActiveCfg = Debug|Any CPU
		{A980F632-1C22-47FF-BF06-1BD945FDE5B5}.Debug|Any CPU.Build.0 = Debug|Any CPU
		{A980F632-1C22-47FF-BF06-1BD945FDE5B5}.Debug|x64.ActiveCfg = Debug|Any CPU
		{A980F632-1C22-47FF-BF06-1BD945FDE5B5}.Debug|x64.Build.0 = Debug|Any CPU
		{A980F632-1C22-47FF-BF06-1BD945FDE5B5}.Debug|x86.ActiveCfg = Debug|Any CPU
		{A980F632-1C22-47FF-BF06-1BD945FDE5B5}.Debug|x86.Build.0 = Debug|Any CPU
		{A980F632-1C22-47FF-BF06-1BD945FDE5B5}.Release|Any CPU.ActiveCfg = Release|Any CPU
		{A980F632-1C22-47FF-BF06-1BD945FDE5B5}.Release|Any CPU.Build.0 = Release|Any CPU
		{A980F632-1C22-47FF-BF06-1BD945FDE5B5}.Release|x64.ActiveCfg = Release|Any CPU
		{A980F632-1C22-47FF-BF06-1BD945FDE5B5}.Release|x64.Build.0 = Release|Any CPU
		{A980F632-1C22-47FF-BF06-1BD945FDE5B5}.Release|x86.ActiveCfg = Release|Any CPU
		{A980F632-1C22-47FF-BF06-1BD945FDE5B5}.Release|x86.Build.0 = Release|Any CPU
		{EC43521C-9DD8-4A78-83C3-F0ABC15850B4}.Debug|Any CPU.ActiveCfg = Debug|Any CPU
		{EC43521C-9DD8-4A78-83C3-F0ABC15850B4}.Debug|Any CPU.Build.0 = Debug|Any CPU
		{EC43521C-9DD8-4A78-83C3-F0ABC15850B4}.Debug|x64.ActiveCfg = Debug|Any CPU
		{EC43521C-9DD8-4A78-83C3-F0ABC15850B4}.Debug|x64.Build.0 = Debug|Any CPU
		{EC43521C-9DD8-4A78-83C3-F0ABC15850B4}.Debug|x86.ActiveCfg = Debug|Any CPU
		{EC43521C-9DD8-4A78-83C3-F0ABC15850B4}.Debug|x86.Build.0 = Debug|Any CPU
		{EC43521C-9DD8-4A78-83C3-F0ABC15850B4}.Release|Any CPU.ActiveCfg = Release|Any CPU
		{EC43521C-9DD8-4A78-83C3-F0ABC15850B4}.Release|Any CPU.Build.0 = Release|Any CPU
		{EC43521C-9DD8-4A78-83C3-F0ABC15850B4}.Release|x64.ActiveCfg = Release|Any CPU
		{EC43521C-9DD8-4A78-83C3-F0ABC15850B4}.Release|x64.Build.0 = Release|Any CPU
		{EC43521C-9DD8-4A78-83C3-F0ABC15850B4}.Release|x86.ActiveCfg = Release|Any CPU
		{EC43521C-9DD8-4A78-83C3-F0ABC15850B4}.Release|x86.Build.0 = Release|Any CPU
		{7620CA0D-8325-4010-931C-432DA13F784A}.Debug|Any CPU.ActiveCfg = Debug|Any CPU
		{7620CA0D-8325-4010-931C-432DA13F784A}.Debug|Any CPU.Build.0 = Debug|Any CPU
		{7620CA0D-8325-4010-931C-432DA13F784A}.Debug|x64.ActiveCfg = Debug|Any CPU
		{7620CA0D-8325-4010-931C-432DA13F784A}.Debug|x64.Build.0 = Debug|Any CPU
		{7620CA0D-8325-4010-931C-432DA13F784A}.Debug|x86.ActiveCfg = Debug|Any CPU
		{7620CA0D-8325-4010-931C-432DA13F784A}.Debug|x86.Build.0 = Debug|Any CPU
		{7620CA0D-8325-4010-931C-432DA13F784A}.Release|Any CPU.ActiveCfg = Release|Any CPU
		{7620CA0D-8325-4010-931C-432DA13F784A}.Release|Any CPU.Build.0 = Release|Any CPU
		{7620CA0D-8325-4010-931C-432DA13F784A}.Release|x64.ActiveCfg = Release|Any CPU
		{7620CA0D-8325-4010-931C-432DA13F784A}.Release|x64.Build.0 = Release|Any CPU
		{7620CA0D-8325-4010-931C-432DA13F784A}.Release|x86.ActiveCfg = Release|Any CPU
		{7620CA0D-8325-4010-931C-432DA13F784A}.Release|x86.Build.0 = Release|Any CPU
		{652CD87D-1860-495F-AD7C-B17B2387ED08}.Debug|Any CPU.ActiveCfg = Debug|Any CPU
		{652CD87D-1860-495F-AD7C-B17B2387ED08}.Debug|Any CPU.Build.0 = Debug|Any CPU
		{652CD87D-1860-495F-AD7C-B17B2387ED08}.Debug|x64.ActiveCfg = Debug|Any CPU
		{652CD87D-1860-495F-AD7C-B17B2387ED08}.Debug|x64.Build.0 = Debug|Any CPU
		{652CD87D-1860-495F-AD7C-B17B2387ED08}.Debug|x86.ActiveCfg = Debug|Any CPU
		{652CD87D-1860-495F-AD7C-B17B2387ED08}.Debug|x86.Build.0 = Debug|Any CPU
		{652CD87D-1860-495F-AD7C-B17B2387ED08}.Release|Any CPU.ActiveCfg = Release|Any CPU
		{652CD87D-1860-495F-AD7C-B17B2387ED08}.Release|Any CPU.Build.0 = Release|Any CPU
		{652CD87D-1860-495F-AD7C-B17B2387ED08}.Release|x64.ActiveCfg = Release|Any CPU
		{652CD87D-1860-495F-AD7C-B17B2387ED08}.Release|x64.Build.0 = Release|Any CPU
		{652CD87D-1860-495F-AD7C-B17B2387ED08}.Release|x86.ActiveCfg = Release|Any CPU
		{652CD87D-1860-495F-AD7C-B17B2387ED08}.Release|x86.Build.0 = Release|Any CPU
		{952F9A38-F039-4B18-9FC4-01D8C2B02354}.Debug|Any CPU.ActiveCfg = Debug|Any CPU
		{952F9A38-F039-4B18-9FC4-01D8C2B02354}.Debug|Any CPU.Build.0 = Debug|Any CPU
		{952F9A38-F039-4B18-9FC4-01D8C2B02354}.Debug|x64.ActiveCfg = Debug|Any CPU
		{952F9A38-F039-4B18-9FC4-01D8C2B02354}.Debug|x64.Build.0 = Debug|Any CPU
		{952F9A38-F039-4B18-9FC4-01D8C2B02354}.Debug|x86.ActiveCfg = Debug|Any CPU
		{952F9A38-F039-4B18-9FC4-01D8C2B02354}.Debug|x86.Build.0 = Debug|Any CPU
		{952F9A38-F039-4B18-9FC4-01D8C2B02354}.Release|Any CPU.ActiveCfg = Release|Any CPU
		{952F9A38-F039-4B18-9FC4-01D8C2B02354}.Release|Any CPU.Build.0 = Release|Any CPU
		{952F9A38-F039-4B18-9FC4-01D8C2B02354}.Release|x64.ActiveCfg = Release|Any CPU
		{952F9A38-F039-4B18-9FC4-01D8C2B02354}.Release|x64.Build.0 = Release|Any CPU
		{952F9A38-F039-4B18-9FC4-01D8C2B02354}.Release|x86.ActiveCfg = Release|Any CPU
		{952F9A38-F039-4B18-9FC4-01D8C2B02354}.Release|x86.Build.0 = Release|Any CPU
		{8019C55F-4934-472A-95B4-54AE9050E582}.Debug|Any CPU.ActiveCfg = Debug|Any CPU
		{8019C55F-4934-472A-95B4-54AE9050E582}.Debug|Any CPU.Build.0 = Debug|Any CPU
		{8019C55F-4934-472A-95B4-54AE9050E582}.Debug|x64.ActiveCfg = Debug|Any CPU
		{8019C55F-4934-472A-95B4-54AE9050E582}.Debug|x64.Build.0 = Debug|Any CPU
		{8019C55F-4934-472A-95B4-54AE9050E582}.Debug|x86.ActiveCfg = Debug|Any CPU
		{8019C55F-4934-472A-95B4-54AE9050E582}.Debug|x86.Build.0 = Debug|Any CPU
		{8019C55F-4934-472A-95B4-54AE9050E582}.Release|Any CPU.ActiveCfg = Release|Any CPU
		{8019C55F-4934-472A-95B4-54AE9050E582}.Release|Any CPU.Build.0 = Release|Any CPU
		{8019C55F-4934-472A-95B4-54AE9050E582}.Release|x64.ActiveCfg = Release|Any CPU
		{8019C55F-4934-472A-95B4-54AE9050E582}.Release|x64.Build.0 = Release|Any CPU
		{8019C55F-4934-472A-95B4-54AE9050E582}.Release|x86.ActiveCfg = Release|Any CPU
		{8019C55F-4934-472A-95B4-54AE9050E582}.Release|x86.Build.0 = Release|Any CPU
		{A96EE282-E8DC-4689-B30C-858BDBB69718}.Debug|Any CPU.ActiveCfg = Debug|Any CPU
		{A96EE282-E8DC-4689-B30C-858BDBB69718}.Debug|Any CPU.Build.0 = Debug|Any CPU
		{A96EE282-E8DC-4689-B30C-858BDBB69718}.Debug|x64.ActiveCfg = Debug|Any CPU
		{A96EE282-E8DC-4689-B30C-858BDBB69718}.Debug|x64.Build.0 = Debug|Any CPU
		{A96EE282-E8DC-4689-B30C-858BDBB69718}.Debug|x86.ActiveCfg = Debug|Any CPU
		{A96EE282-E8DC-4689-B30C-858BDBB69718}.Debug|x86.Build.0 = Debug|Any CPU
		{A96EE282-E8DC-4689-B30C-858BDBB69718}.Release|Any CPU.ActiveCfg = Release|Any CPU
		{A96EE282-E8DC-4689-B30C-858BDBB69718}.Release|Any CPU.Build.0 = Release|Any CPU
		{A96EE282-E8DC-4689-B30C-858BDBB69718}.Release|x64.ActiveCfg = Release|Any CPU
		{A96EE282-E8DC-4689-B30C-858BDBB69718}.Release|x64.Build.0 = Release|Any CPU
		{A96EE282-E8DC-4689-B30C-858BDBB69718}.Release|x86.ActiveCfg = Release|Any CPU
		{A96EE282-E8DC-4689-B30C-858BDBB69718}.Release|x86.Build.0 = Release|Any CPU
		{0A10C9AE-6DF0-49BB-80AB-B3F582A60CA1}.Debug|Any CPU.ActiveCfg = Debug|Any CPU
		{0A10C9AE-6DF0-49BB-80AB-B3F582A60CA1}.Debug|Any CPU.Build.0 = Debug|Any CPU
		{0A10C9AE-6DF0-49BB-80AB-B3F582A60CA1}.Debug|x64.ActiveCfg = Debug|Any CPU
		{0A10C9AE-6DF0-49BB-80AB-B3F582A60CA1}.Debug|x64.Build.0 = Debug|Any CPU
		{0A10C9AE-6DF0-49BB-80AB-B3F582A60CA1}.Debug|x86.ActiveCfg = Debug|Any CPU
		{0A10C9AE-6DF0-49BB-80AB-B3F582A60CA1}.Debug|x86.Build.0 = Debug|Any CPU
		{0A10C9AE-6DF0-49BB-80AB-B3F582A60CA1}.Release|Any CPU.ActiveCfg = Release|Any CPU
		{0A10C9AE-6DF0-49BB-80AB-B3F582A60CA1}.Release|Any CPU.Build.0 = Release|Any CPU
		{0A10C9AE-6DF0-49BB-80AB-B3F582A60CA1}.Release|x64.ActiveCfg = Release|Any CPU
		{0A10C9AE-6DF0-49BB-80AB-B3F582A60CA1}.Release|x64.Build.0 = Release|Any CPU
		{0A10C9AE-6DF0-49BB-80AB-B3F582A60CA1}.Release|x86.ActiveCfg = Release|Any CPU
		{0A10C9AE-6DF0-49BB-80AB-B3F582A60CA1}.Release|x86.Build.0 = Release|Any CPU
		{4927D788-828B-4EDF-AFFF-F39C86A8B6B5}.Debug|Any CPU.ActiveCfg = Debug|Any CPU
		{4927D788-828B-4EDF-AFFF-F39C86A8B6B5}.Debug|Any CPU.Build.0 = Debug|Any CPU
		{4927D788-828B-4EDF-AFFF-F39C86A8B6B5}.Debug|x64.ActiveCfg = Debug|Any CPU
		{4927D788-828B-4EDF-AFFF-F39C86A8B6B5}.Debug|x64.Build.0 = Debug|Any CPU
		{4927D788-828B-4EDF-AFFF-F39C86A8B6B5}.Debug|x86.ActiveCfg = Debug|Any CPU
		{4927D788-828B-4EDF-AFFF-F39C86A8B6B5}.Debug|x86.Build.0 = Debug|Any CPU
		{4927D788-828B-4EDF-AFFF-F39C86A8B6B5}.Release|Any CPU.ActiveCfg = Release|Any CPU
		{4927D788-828B-4EDF-AFFF-F39C86A8B6B5}.Release|Any CPU.Build.0 = Release|Any CPU
		{4927D788-828B-4EDF-AFFF-F39C86A8B6B5}.Release|x64.ActiveCfg = Release|Any CPU
		{4927D788-828B-4EDF-AFFF-F39C86A8B6B5}.Release|x64.Build.0 = Release|Any CPU
		{4927D788-828B-4EDF-AFFF-F39C86A8B6B5}.Release|x86.ActiveCfg = Release|Any CPU
		{4927D788-828B-4EDF-AFFF-F39C86A8B6B5}.Release|x86.Build.0 = Release|Any CPU
		{4AEE1623-B238-43C4-8C5E-56FCEFB3721F}.Debug|Any CPU.ActiveCfg = Debug|Any CPU
		{4AEE1623-B238-43C4-8C5E-56FCEFB3721F}.Debug|Any CPU.Build.0 = Debug|Any CPU
		{4AEE1623-B238-43C4-8C5E-56FCEFB3721F}.Debug|x64.ActiveCfg = Debug|Any CPU
		{4AEE1623-B238-43C4-8C5E-56FCEFB3721F}.Debug|x64.Build.0 = Debug|Any CPU
		{4AEE1623-B238-43C4-8C5E-56FCEFB3721F}.Debug|x86.ActiveCfg = Debug|Any CPU
		{4AEE1623-B238-43C4-8C5E-56FCEFB3721F}.Debug|x86.Build.0 = Debug|Any CPU
		{4AEE1623-B238-43C4-8C5E-56FCEFB3721F}.Release|Any CPU.ActiveCfg = Release|Any CPU
		{4AEE1623-B238-43C4-8C5E-56FCEFB3721F}.Release|Any CPU.Build.0 = Release|Any CPU
		{4AEE1623-B238-43C4-8C5E-56FCEFB3721F}.Release|x64.ActiveCfg = Release|Any CPU
		{4AEE1623-B238-43C4-8C5E-56FCEFB3721F}.Release|x64.Build.0 = Release|Any CPU
		{4AEE1623-B238-43C4-8C5E-56FCEFB3721F}.Release|x86.ActiveCfg = Release|Any CPU
		{4AEE1623-B238-43C4-8C5E-56FCEFB3721F}.Release|x86.Build.0 = Release|Any CPU
		{1E1E5D75-ED14-4937-94A8-8C5518626570}.Debug|Any CPU.ActiveCfg = Debug|Any CPU
		{1E1E5D75-ED14-4937-94A8-8C5518626570}.Debug|Any CPU.Build.0 = Debug|Any CPU
		{1E1E5D75-ED14-4937-94A8-8C5518626570}.Debug|x64.ActiveCfg = Debug|Any CPU
		{1E1E5D75-ED14-4937-94A8-8C5518626570}.Debug|x64.Build.0 = Debug|Any CPU
		{1E1E5D75-ED14-4937-94A8-8C5518626570}.Debug|x86.ActiveCfg = Debug|Any CPU
		{1E1E5D75-ED14-4937-94A8-8C5518626570}.Debug|x86.Build.0 = Debug|Any CPU
		{1E1E5D75-ED14-4937-94A8-8C5518626570}.Release|Any CPU.ActiveCfg = Release|Any CPU
		{1E1E5D75-ED14-4937-94A8-8C5518626570}.Release|Any CPU.Build.0 = Release|Any CPU
		{1E1E5D75-ED14-4937-94A8-8C5518626570}.Release|x64.ActiveCfg = Release|Any CPU
		{1E1E5D75-ED14-4937-94A8-8C5518626570}.Release|x64.Build.0 = Release|Any CPU
		{1E1E5D75-ED14-4937-94A8-8C5518626570}.Release|x86.ActiveCfg = Release|Any CPU
		{1E1E5D75-ED14-4937-94A8-8C5518626570}.Release|x86.Build.0 = Release|Any CPU
		{89D09780-E75B-49FE-9BCA-00AA1FBE5038}.Debug|Any CPU.ActiveCfg = Debug|Any CPU
		{89D09780-E75B-49FE-9BCA-00AA1FBE5038}.Debug|Any CPU.Build.0 = Debug|Any CPU
		{89D09780-E75B-49FE-9BCA-00AA1FBE5038}.Debug|x64.ActiveCfg = Debug|Any CPU
		{89D09780-E75B-49FE-9BCA-00AA1FBE5038}.Debug|x64.Build.0 = Debug|Any CPU
		{89D09780-E75B-49FE-9BCA-00AA1FBE5038}.Debug|x86.ActiveCfg = Debug|Any CPU
		{89D09780-E75B-49FE-9BCA-00AA1FBE5038}.Debug|x86.Build.0 = Debug|Any CPU
		{89D09780-E75B-49FE-9BCA-00AA1FBE5038}.Release|Any CPU.ActiveCfg = Release|Any CPU
		{89D09780-E75B-49FE-9BCA-00AA1FBE5038}.Release|Any CPU.Build.0 = Release|Any CPU
		{89D09780-E75B-49FE-9BCA-00AA1FBE5038}.Release|x64.ActiveCfg = Release|Any CPU
		{89D09780-E75B-49FE-9BCA-00AA1FBE5038}.Release|x64.Build.0 = Release|Any CPU
		{89D09780-E75B-49FE-9BCA-00AA1FBE5038}.Release|x86.ActiveCfg = Release|Any CPU
		{89D09780-E75B-49FE-9BCA-00AA1FBE5038}.Release|x86.Build.0 = Release|Any CPU
		{1D1BBCE2-C382-408E-8BE9-6E5EDB92CC56}.Debug|Any CPU.ActiveCfg = Debug|Any CPU
		{1D1BBCE2-C382-408E-8BE9-6E5EDB92CC56}.Debug|Any CPU.Build.0 = Debug|Any CPU
		{1D1BBCE2-C382-408E-8BE9-6E5EDB92CC56}.Debug|x64.ActiveCfg = Debug|Any CPU
		{1D1BBCE2-C382-408E-8BE9-6E5EDB92CC56}.Debug|x64.Build.0 = Debug|Any CPU
		{1D1BBCE2-C382-408E-8BE9-6E5EDB92CC56}.Debug|x86.ActiveCfg = Debug|Any CPU
		{1D1BBCE2-C382-408E-8BE9-6E5EDB92CC56}.Debug|x86.Build.0 = Debug|Any CPU
		{1D1BBCE2-C382-408E-8BE9-6E5EDB92CC56}.Release|Any CPU.ActiveCfg = Release|Any CPU
		{1D1BBCE2-C382-408E-8BE9-6E5EDB92CC56}.Release|Any CPU.Build.0 = Release|Any CPU
		{1D1BBCE2-C382-408E-8BE9-6E5EDB92CC56}.Release|x64.ActiveCfg = Release|Any CPU
		{1D1BBCE2-C382-408E-8BE9-6E5EDB92CC56}.Release|x64.Build.0 = Release|Any CPU
		{1D1BBCE2-C382-408E-8BE9-6E5EDB92CC56}.Release|x86.ActiveCfg = Release|Any CPU
		{1D1BBCE2-C382-408E-8BE9-6E5EDB92CC56}.Release|x86.Build.0 = Release|Any CPU
		{660C7956-41F3-4840-8946-B9B8F0D7D78F}.Debug|Any CPU.ActiveCfg = Debug|Any CPU
		{660C7956-41F3-4840-8946-B9B8F0D7D78F}.Debug|Any CPU.Build.0 = Debug|Any CPU
		{660C7956-41F3-4840-8946-B9B8F0D7D78F}.Debug|x64.ActiveCfg = Debug|Any CPU
		{660C7956-41F3-4840-8946-B9B8F0D7D78F}.Debug|x64.Build.0 = Debug|Any CPU
		{660C7956-41F3-4840-8946-B9B8F0D7D78F}.Debug|x86.ActiveCfg = Debug|Any CPU
		{660C7956-41F3-4840-8946-B9B8F0D7D78F}.Debug|x86.Build.0 = Debug|Any CPU
		{660C7956-41F3-4840-8946-B9B8F0D7D78F}.Release|Any CPU.ActiveCfg = Release|Any CPU
		{660C7956-41F3-4840-8946-B9B8F0D7D78F}.Release|Any CPU.Build.0 = Release|Any CPU
		{660C7956-41F3-4840-8946-B9B8F0D7D78F}.Release|x64.ActiveCfg = Release|Any CPU
		{660C7956-41F3-4840-8946-B9B8F0D7D78F}.Release|x64.Build.0 = Release|Any CPU
		{660C7956-41F3-4840-8946-B9B8F0D7D78F}.Release|x86.ActiveCfg = Release|Any CPU
		{660C7956-41F3-4840-8946-B9B8F0D7D78F}.Release|x86.Build.0 = Release|Any CPU
		{4796C992-BF6D-4732-B80F-39F8FCBA2A85}.Debug|Any CPU.ActiveCfg = Debug|Any CPU
		{4796C992-BF6D-4732-B80F-39F8FCBA2A85}.Debug|Any CPU.Build.0 = Debug|Any CPU
		{4796C992-BF6D-4732-B80F-39F8FCBA2A85}.Debug|x64.ActiveCfg = Debug|Any CPU
		{4796C992-BF6D-4732-B80F-39F8FCBA2A85}.Debug|x64.Build.0 = Debug|Any CPU
		{4796C992-BF6D-4732-B80F-39F8FCBA2A85}.Debug|x86.ActiveCfg = Debug|Any CPU
		{4796C992-BF6D-4732-B80F-39F8FCBA2A85}.Debug|x86.Build.0 = Debug|Any CPU
		{4796C992-BF6D-4732-B80F-39F8FCBA2A85}.Release|Any CPU.ActiveCfg = Release|Any CPU
		{4796C992-BF6D-4732-B80F-39F8FCBA2A85}.Release|Any CPU.Build.0 = Release|Any CPU
		{4796C992-BF6D-4732-B80F-39F8FCBA2A85}.Release|x64.ActiveCfg = Release|Any CPU
		{4796C992-BF6D-4732-B80F-39F8FCBA2A85}.Release|x64.Build.0 = Release|Any CPU
		{4796C992-BF6D-4732-B80F-39F8FCBA2A85}.Release|x86.ActiveCfg = Release|Any CPU
		{4796C992-BF6D-4732-B80F-39F8FCBA2A85}.Release|x86.Build.0 = Release|Any CPU
		{3808897B-028E-4A48-966B-A8FB9196FB74}.Debug|Any CPU.ActiveCfg = Debug|Any CPU
		{3808897B-028E-4A48-966B-A8FB9196FB74}.Debug|Any CPU.Build.0 = Debug|Any CPU
		{3808897B-028E-4A48-966B-A8FB9196FB74}.Debug|x64.ActiveCfg = Debug|Any CPU
		{3808897B-028E-4A48-966B-A8FB9196FB74}.Debug|x64.Build.0 = Debug|Any CPU
		{3808897B-028E-4A48-966B-A8FB9196FB74}.Debug|x86.ActiveCfg = Debug|Any CPU
		{3808897B-028E-4A48-966B-A8FB9196FB74}.Debug|x86.Build.0 = Debug|Any CPU
		{3808897B-028E-4A48-966B-A8FB9196FB74}.Release|Any CPU.ActiveCfg = Release|Any CPU
		{3808897B-028E-4A48-966B-A8FB9196FB74}.Release|Any CPU.Build.0 = Release|Any CPU
		{3808897B-028E-4A48-966B-A8FB9196FB74}.Release|x64.ActiveCfg = Release|Any CPU
		{3808897B-028E-4A48-966B-A8FB9196FB74}.Release|x64.Build.0 = Release|Any CPU
		{3808897B-028E-4A48-966B-A8FB9196FB74}.Release|x86.ActiveCfg = Release|Any CPU
		{3808897B-028E-4A48-966B-A8FB9196FB74}.Release|x86.Build.0 = Release|Any CPU
		{CD848A12-6E55-4302-AF2C-EC0D95645791}.Debug|Any CPU.ActiveCfg = Debug|Any CPU
		{CD848A12-6E55-4302-AF2C-EC0D95645791}.Debug|Any CPU.Build.0 = Debug|Any CPU
		{CD848A12-6E55-4302-AF2C-EC0D95645791}.Debug|x64.ActiveCfg = Debug|Any CPU
		{CD848A12-6E55-4302-AF2C-EC0D95645791}.Debug|x64.Build.0 = Debug|Any CPU
		{CD848A12-6E55-4302-AF2C-EC0D95645791}.Debug|x86.ActiveCfg = Debug|Any CPU
		{CD848A12-6E55-4302-AF2C-EC0D95645791}.Debug|x86.Build.0 = Debug|Any CPU
		{CD848A12-6E55-4302-AF2C-EC0D95645791}.Release|Any CPU.ActiveCfg = Release|Any CPU
		{CD848A12-6E55-4302-AF2C-EC0D95645791}.Release|Any CPU.Build.0 = Release|Any CPU
		{CD848A12-6E55-4302-AF2C-EC0D95645791}.Release|x64.ActiveCfg = Release|Any CPU
		{CD848A12-6E55-4302-AF2C-EC0D95645791}.Release|x64.Build.0 = Release|Any CPU
		{CD848A12-6E55-4302-AF2C-EC0D95645791}.Release|x86.ActiveCfg = Release|Any CPU
		{CD848A12-6E55-4302-AF2C-EC0D95645791}.Release|x86.Build.0 = Release|Any CPU
		{B8EF8136-C183-43F3-92B2-96A3D446C327}.Debug|Any CPU.ActiveCfg = Debug|Any CPU
		{B8EF8136-C183-43F3-92B2-96A3D446C327}.Debug|Any CPU.Build.0 = Debug|Any CPU
		{B8EF8136-C183-43F3-92B2-96A3D446C327}.Debug|x64.ActiveCfg = Debug|Any CPU
		{B8EF8136-C183-43F3-92B2-96A3D446C327}.Debug|x64.Build.0 = Debug|Any CPU
		{B8EF8136-C183-43F3-92B2-96A3D446C327}.Debug|x86.ActiveCfg = Debug|Any CPU
		{B8EF8136-C183-43F3-92B2-96A3D446C327}.Debug|x86.Build.0 = Debug|Any CPU
		{B8EF8136-C183-43F3-92B2-96A3D446C327}.Release|Any CPU.ActiveCfg = Release|Any CPU
		{B8EF8136-C183-43F3-92B2-96A3D446C327}.Release|Any CPU.Build.0 = Release|Any CPU
		{B8EF8136-C183-43F3-92B2-96A3D446C327}.Release|x64.ActiveCfg = Release|Any CPU
		{B8EF8136-C183-43F3-92B2-96A3D446C327}.Release|x64.Build.0 = Release|Any CPU
		{B8EF8136-C183-43F3-92B2-96A3D446C327}.Release|x86.ActiveCfg = Release|Any CPU
		{B8EF8136-C183-43F3-92B2-96A3D446C327}.Release|x86.Build.0 = Release|Any CPU
		{8ACF6CAB-E72E-47CD-9774-7F63228F9C4F}.Debug|Any CPU.ActiveCfg = Debug|Any CPU
		{8ACF6CAB-E72E-47CD-9774-7F63228F9C4F}.Debug|Any CPU.Build.0 = Debug|Any CPU
		{8ACF6CAB-E72E-47CD-9774-7F63228F9C4F}.Debug|x64.ActiveCfg = Debug|Any CPU
		{8ACF6CAB-E72E-47CD-9774-7F63228F9C4F}.Debug|x64.Build.0 = Debug|Any CPU
		{8ACF6CAB-E72E-47CD-9774-7F63228F9C4F}.Debug|x86.ActiveCfg = Debug|Any CPU
		{8ACF6CAB-E72E-47CD-9774-7F63228F9C4F}.Debug|x86.Build.0 = Debug|Any CPU
		{8ACF6CAB-E72E-47CD-9774-7F63228F9C4F}.Release|Any CPU.ActiveCfg = Release|Any CPU
		{8ACF6CAB-E72E-47CD-9774-7F63228F9C4F}.Release|Any CPU.Build.0 = Release|Any CPU
		{8ACF6CAB-E72E-47CD-9774-7F63228F9C4F}.Release|x64.ActiveCfg = Release|Any CPU
		{8ACF6CAB-E72E-47CD-9774-7F63228F9C4F}.Release|x64.Build.0 = Release|Any CPU
		{8ACF6CAB-E72E-47CD-9774-7F63228F9C4F}.Release|x86.ActiveCfg = Release|Any CPU
		{8ACF6CAB-E72E-47CD-9774-7F63228F9C4F}.Release|x86.Build.0 = Release|Any CPU
		{20D930B5-E674-4758-BEA2-26A3EA91F9B0}.Debug|Any CPU.ActiveCfg = Debug|x64
		{20D930B5-E674-4758-BEA2-26A3EA91F9B0}.Debug|Any CPU.Build.0 = Debug|x64
		{20D930B5-E674-4758-BEA2-26A3EA91F9B0}.Debug|x64.ActiveCfg = Debug|x64
		{20D930B5-E674-4758-BEA2-26A3EA91F9B0}.Debug|x64.Build.0 = Debug|x64
		{20D930B5-E674-4758-BEA2-26A3EA91F9B0}.Debug|x86.ActiveCfg = Debug|Win32
		{20D930B5-E674-4758-BEA2-26A3EA91F9B0}.Debug|x86.Build.0 = Debug|Win32
		{20D930B5-E674-4758-BEA2-26A3EA91F9B0}.Release|Any CPU.ActiveCfg = Release|x64
		{20D930B5-E674-4758-BEA2-26A3EA91F9B0}.Release|Any CPU.Build.0 = Release|x64
		{20D930B5-E674-4758-BEA2-26A3EA91F9B0}.Release|x64.ActiveCfg = Release|x64
		{20D930B5-E674-4758-BEA2-26A3EA91F9B0}.Release|x64.Build.0 = Release|x64
		{20D930B5-E674-4758-BEA2-26A3EA91F9B0}.Release|x86.ActiveCfg = Release|Win32
		{20D930B5-E674-4758-BEA2-26A3EA91F9B0}.Release|x86.Build.0 = Release|Win32
		{EA15ADDD-B536-4745-A057-2E161FC26B2B}.Debug|Any CPU.ActiveCfg = Debug|Any CPU
		{EA15ADDD-B536-4745-A057-2E161FC26B2B}.Debug|x64.ActiveCfg = Debug|Any CPU
		{EA15ADDD-B536-4745-A057-2E161FC26B2B}.Debug|x86.ActiveCfg = Debug|Any CPU
		{EA15ADDD-B536-4745-A057-2E161FC26B2B}.Release|Any CPU.ActiveCfg = Release|Any CPU
		{EA15ADDD-B536-4745-A057-2E161FC26B2B}.Release|x64.ActiveCfg = Release|Any CPU
		{EA15ADDD-B536-4745-A057-2E161FC26B2B}.Release|x86.ActiveCfg = Release|Any CPU
	EndGlobalSection
	GlobalSection(SolutionProperties) = preSolution
		HideSolutionNode = FALSE
	EndGlobalSection
	GlobalSection(ExtensibilityGlobals) = postSolution
		SolutionGuid = {52D19AAE-993C-4DDE-A07B-A2E26021D791}
	EndGlobalSection
EndGlobal
